
Microsoft Visual Studio Solution File, Format Version 12.00
# Visual Studio Version 17
VisualStudioVersion = 17.11.35327.3
MinimumVisualStudioVersion = 10.0.40219.1
Project("{2150E333-8FDC-42A3-9474-1A3956D46DE8}") = "Task0", "Task0", "{0DF98FA5-B720-4599-B951-05A4D75FD3FC}"
EndProject
Project("{2150E333-8FDC-42A3-9474-1A3956D46DE8}") = "Task1", "Task1", "{E7F6EBB4-14E0-4D38-B9D4-4900227C1439}"
EndProject
Project("{2150E333-8FDC-42A3-9474-1A3956D46DE8}") = "Task2", "Task2", "{FF2159FC-E5B3-43D4-B37E-4F582B6F1EDC}"
EndProject
Project("{2150E333-8FDC-42A3-9474-1A3956D46DE8}") = "Task3", "Task3", "{A36C5B84-A1C0-4360-BEA1-E08DDEC9FEEF}"
EndProject
Project("{2150E333-8FDC-42A3-9474-1A3956D46DE8}") = "Task4", "Task4", "{1D2B5B3A-291A-43FC-9312-674A057685C4}"
EndProject
Project("{2150E333-8FDC-42A3-9474-1A3956D46DE8}") = "Task5", "Task5", "{ECD37077-DA6E-4DA9-BB9F-7DD8F14894F0}"
EndProject
Project("{2150E333-8FDC-42A3-9474-1A3956D46DE8}") = "Task6", "Task6", "{04FFFDE6-33D4-42EF-8129-14752C2FB889}"
EndProject
Project("{2150E333-8FDC-42A3-9474-1A3956D46DE8}") = "Task7", "Task7", "{F998ED29-7916-4AC0-8A3B-AB36C65EE6BA}"
EndProject
Project("{9A19103F-16F7-4668-BE54-9A1E7A4F7556}") = "Tyuiu.AkhmetovRR.Sprint1.Task0.V26", "Tyuiu.AkhmetovRR.Sprint1.Task0.V26\Tyuiu.AkhmetovRR.Sprint1.Task0.V26.csproj", "{29820EDF-32C6-46E4-A567-3F91DD593750}"
EndProject
Project("{9A19103F-16F7-4668-BE54-9A1E7A4F7556}") = "Tyuiu.AkhmetovRR.Sprint1.Task0.V26.Lib", "Tyuiu.AkhmetovRR.Sprint1.Task0.V26.Lib\Tyuiu.AkhmetovRR.Sprint1.Task0.V26.Lib.csproj", "{DFCF320C-9B93-40A5-9E5F-4061204C4F41}"
EndProject
Project("{9A19103F-16F7-4668-BE54-9A1E7A4F7556}") = "Tyuiu.AkhmetovRR.Sprint1.Task0.V26.Test", "Tyuiu.AkhmetovRR.Sprint1.Task0.V26.Test\Tyuiu.AkhmetovRR.Sprint1.Task0.V26.Test.csproj", "{4A068BB5-8725-4387-991D-31D7134F3CDE}"
EndProject
Project("{9A19103F-16F7-4668-BE54-9A1E7A4F7556}") = "Tyuiu.AkhmetovRR.Sprint1.Task1.V23", "Tyuiu.AkhmetovRR.Sprint1.Task1.V23\Tyuiu.AkhmetovRR.Sprint1.Task1.V23.csproj", "{A54EE46C-B473-433E-A857-CE1810C70872}"
EndProject
Project("{9A19103F-16F7-4668-BE54-9A1E7A4F7556}") = "Tyuiu.AkhmetovRR.Sprint1.Task1.V23.Lib", "Tyuiu.AkhmetovRR.Sprint1.Task1.V23.Lib\Tyuiu.AkhmetovRR.Sprint1.Task1.V23.Lib.csproj", "{D2E3E04E-22D7-4648-8D78-5FC77488DDE1}"
EndProject
Project("{9A19103F-16F7-4668-BE54-9A1E7A4F7556}") = "Tyuiu.AkhmetovRR.Sprint1.Task1.V23.Test", "Tyuiu.AkhmetovRR.Sprint1.Task1.V23.Test\Tyuiu.AkhmetovRR.Sprint1.Task1.V23.Test.csproj", "{49AFDDBA-4349-462C-97D2-ADCEFF693A2F}"
EndProject
Project("{9A19103F-16F7-4668-BE54-9A1E7A4F7556}") = "Tyuiu.AkhmetovRR.Sprint1.Task2.V5", "Tyuiu.AkhmetovRR.Sprint1.Task2.V5\Tyuiu.AkhmetovRR.Sprint1.Task2.V5.csproj", "{72FC8097-134C-45A2-B6CA-61191F516645}"
EndProject
Project("{9A19103F-16F7-4668-BE54-9A1E7A4F7556}") = "Tyuiu.AkhmetovRR.Sprint1.Task2.V5.Lib", "Tyuiu.AkhmetovRR.Sprint1.Task2.V5.Lib\Tyuiu.AkhmetovRR.Sprint1.Task2.V5.Lib.csproj", "{00F9BDF7-C1DC-4559-BC66-B7E05B721631}"
EndProject
Project("{9A19103F-16F7-4668-BE54-9A1E7A4F7556}") = "Tyuiu.AkhmetovRR.Sprint1.Task2.V5.Test", "Tyuiu.AkhmetovRR.Sprint1.Task2.V5.Test\Tyuiu.AkhmetovRR.Sprint1.Task2.V5.Test.csproj", "{18EBF98E-8AF7-4FF3-AC67-1FBD0E95EA65}"
EndProject
Project("{9A19103F-16F7-4668-BE54-9A1E7A4F7556}") = "Tyuiu.AkhmetovRR.Sprint1.Task3.V3", "Tyuiu.AkhmetovRR.Sprint1.Task3.V3\Tyuiu.AkhmetovRR.Sprint1.Task3.V3.csproj", "{EB578CC4-B7F6-45D5-B9EF-EB0DB3D1746F}"
EndProject
Project("{9A19103F-16F7-4668-BE54-9A1E7A4F7556}") = "Tyuiu.AkhmetovRR.Sprint1.Task3.V3.Lib", "Tyuiu.AkhmetovRR.Sprint1.Task3.V3.Lib\Tyuiu.AkhmetovRR.Sprint1.Task3.V3.Lib.csproj", "{B755A521-54D3-4E11-90A9-038A480ACBFB}"
EndProject
Project("{9A19103F-16F7-4668-BE54-9A1E7A4F7556}") = "Tyuiu.AkhmetovRR.Sprint1.Task3.V3.Test", "Tyuiu.AkhmetovRR.Sprint1.Task3.V3.Test\Tyuiu.AkhmetovRR.Sprint1.Task3.V3.Test.csproj", "{8C068CED-74E1-4F7E-B04A-63758984802A}"
EndProject
Project("{9A19103F-16F7-4668-BE54-9A1E7A4F7556}") = "Tyuiu.AkhmetovRR.Sprint1.Task4.V3", "Tyuiu.AkhmetovRR.Sprint1.Task4.V3\Tyuiu.AkhmetovRR.Sprint1.Task4.V3.csproj", "{9CF17126-F601-47EB-8FB6-39A672E93FB3}"
EndProject
Project("{9A19103F-16F7-4668-BE54-9A1E7A4F7556}") = "Tyuiu.AkhmetovRR.Sprint1.Task4.V3.Lib", "Tyuiu.AkhmetovRR.Sprint1.Task4.V3.Lib\Tyuiu.AkhmetovRR.Sprint1.Task4.V3.Lib.csproj", "{3AC6958B-F9D4-48F9-9C90-9627346819FF}"
EndProject
Project("{9A19103F-16F7-4668-BE54-9A1E7A4F7556}") = "Tyuiu.AkhmetovRR.Sprint1.Task4.V3.Test", "Tyuiu.AkhmetovRR.Sprint1.Task4.V3.Test\Tyuiu.AkhmetovRR.Sprint1.Task4.V3.Test.csproj", "{91D90711-DD90-407B-93B6-591521154944}"
EndProject
Project("{9A19103F-16F7-4668-BE54-9A1E7A4F7556}") = "Tyuiu.AkhmetovRR.Sprint1.Task5.V4", "Tyuiu.AkhmetovRR.Sprint1.Task5.V4\Tyuiu.AkhmetovRR.Sprint1.Task5.V4.csproj", "{6DB05D2C-5CD2-449F-A57F-099319989177}"
EndProject
Project("{9A19103F-16F7-4668-BE54-9A1E7A4F7556}") = "Tyuiu.AkhmetovRR.Sprint1.Task5.V4.Lib", "Tyuiu.AkhmetovRR.Sprint1.Task5.V4.Lib\Tyuiu.AkhmetovRR.Sprint1.Task5.V4.Lib.csproj", "{6333FBB0-606C-43C5-9AAC-39A4E44D2A7C}"
EndProject
Project("{9A19103F-16F7-4668-BE54-9A1E7A4F7556}") = "Tyuiu.AkhmetovRR.Sprint1.Task5.V4.Test", "Tyuiu.AkhmetovRR.Sprint1.Task5.V4.Test\Tyuiu.AkhmetovRR.Sprint1.Task5.V4.Test.csproj", "{42D02767-692A-4996-A15E-610057AED2CA}"
EndProject
Project("{9A19103F-16F7-4668-BE54-9A1E7A4F7556}") = "Tyuiu.AkhmetovRR.Sprint1.Task6.V1", "Tyuiu.AkhmetovRR.Sprint1.Task6.V1\Tyuiu.AkhmetovRR.Sprint1.Task6.V1.csproj", "{D5176168-85B8-4064-849C-AA5DEF580D8A}"
EndProject
Project("{9A19103F-16F7-4668-BE54-9A1E7A4F7556}") = "Tyuiu.AkhmetovRR.Sprint1.Task6.V1.Lib", "Tyuiu.AkhmetovRR.Sprint1.Task6.V1.Lib\Tyuiu.AkhmetovRR.Sprint1.Task6.V1.Lib.csproj", "{667EA084-46BC-4542-811F-DFC947BFA970}"
EndProject
Project("{9A19103F-16F7-4668-BE54-9A1E7A4F7556}") = "Tyuiu.AkhmetovRR.Sprint1.Task6.V1.Test", "Tyuiu.AkhmetovRR.Sprint1.Task6.V1.Test\Tyuiu.AkhmetovRR.Sprint1.Task6.V1.Test.csproj", "{DD753834-D3D7-43B2-B35E-AACE760CAE8A}"
EndProject
Project("{9A19103F-16F7-4668-BE54-9A1E7A4F7556}") = "Tyuiu.AkhmetovRR.Sprint1.Task7.V29", "Tyuiu.AkhmetovRR.Sprint1.Task7.V29\Tyuiu.AkhmetovRR.Sprint1.Task7.V29.csproj", "{40CA3605-9FC8-4E26-90AF-0CCD1FFC0FA2}"
EndProject
Project("{9A19103F-16F7-4668-BE54-9A1E7A4F7556}") = "Tyuiu.AkhmetovRR.Sprint1.Task7.V29.Lib", "Tyuiu.AkhmetovRR.Sprint1.Task7.V29.Lib\Tyuiu.AkhmetovRR.Sprint1.Task7.V29.Lib.csproj", "{24B1B5BC-BCBB-4401-9A84-AADAD6A4CC47}"
EndProject
Project("{9A19103F-16F7-4668-BE54-9A1E7A4F7556}") = "Tyuiu.AkhmetovRR.Sprint1.Task7.V29.Test", "Tyuiu.AkhmetovRR.Sprint1.Task7.V29.Test\Tyuiu.AkhmetovRR.Sprint1.Task7.V29.Test.csproj", "{BDC9722F-CB03-4121-901A-FBBDEE321785}"
EndProject
Global
	GlobalSection(SolutionConfigurationPlatforms) = preSolution
		Debug|Any CPU = Debug|Any CPU
		Release|Any CPU = Release|Any CPU
	EndGlobalSection
	GlobalSection(ProjectConfigurationPlatforms) = postSolution
		{29820EDF-32C6-46E4-A567-3F91DD593750}.Debug|Any CPU.ActiveCfg = Debug|Any CPU
		{29820EDF-32C6-46E4-A567-3F91DD593750}.Debug|Any CPU.Build.0 = Debug|Any CPU
		{29820EDF-32C6-46E4-A567-3F91DD593750}.Release|Any CPU.ActiveCfg = Release|Any CPU
		{29820EDF-32C6-46E4-A567-3F91DD593750}.Release|Any CPU.Build.0 = Release|Any CPU
		{DFCF320C-9B93-40A5-9E5F-4061204C4F41}.Debug|Any CPU.ActiveCfg = Debug|Any CPU
		{DFCF320C-9B93-40A5-9E5F-4061204C4F41}.Debug|Any CPU.Build.0 = Debug|Any CPU
		{DFCF320C-9B93-40A5-9E5F-4061204C4F41}.Release|Any CPU.ActiveCfg = Release|Any CPU
		{DFCF320C-9B93-40A5-9E5F-4061204C4F41}.Release|Any CPU.Build.0 = Release|Any CPU
		{4A068BB5-8725-4387-991D-31D7134F3CDE}.Debug|Any CPU.ActiveCfg = Debug|Any CPU
		{4A068BB5-8725-4387-991D-31D7134F3CDE}.Debug|Any CPU.Build.0 = Debug|Any CPU
		{4A068BB5-8725-4387-991D-31D7134F3CDE}.Release|Any CPU.ActiveCfg = Release|Any CPU
		{4A068BB5-8725-4387-991D-31D7134F3CDE}.Release|Any CPU.Build.0 = Release|Any CPU
		{A54EE46C-B473-433E-A857-CE1810C70872}.Debug|Any CPU.ActiveCfg = Debug|Any CPU
		{A54EE46C-B473-433E-A857-CE1810C70872}.Debug|Any CPU.Build.0 = Debug|Any CPU
		{A54EE46C-B473-433E-A857-CE1810C70872}.Release|Any CPU.ActiveCfg = Release|Any CPU
		{A54EE46C-B473-433E-A857-CE1810C70872}.Release|Any CPU.Build.0 = Release|Any CPU
		{D2E3E04E-22D7-4648-8D78-5FC77488DDE1}.Debug|Any CPU.ActiveCfg = Debug|Any CPU
		{D2E3E04E-22D7-4648-8D78-5FC77488DDE1}.Debug|Any CPU.Build.0 = Debug|Any CPU
		{D2E3E04E-22D7-4648-8D78-5FC77488DDE1}.Release|Any CPU.ActiveCfg = Release|Any CPU
		{D2E3E04E-22D7-4648-8D78-5FC77488DDE1}.Release|Any CPU.Build.0 = Release|Any CPU
		{49AFDDBA-4349-462C-97D2-ADCEFF693A2F}.Debug|Any CPU.ActiveCfg = Debug|Any CPU
		{49AFDDBA-4349-462C-97D2-ADCEFF693A2F}.Debug|Any CPU.Build.0 = Debug|Any CPU
		{49AFDDBA-4349-462C-97D2-ADCEFF693A2F}.Release|Any CPU.ActiveCfg = Release|Any CPU
		{49AFDDBA-4349-462C-97D2-ADCEFF693A2F}.Release|Any CPU.Build.0 = Release|Any CPU
		{72FC8097-134C-45A2-B6CA-61191F516645}.Debug|Any CPU.ActiveCfg = Debug|Any CPU
		{72FC8097-134C-45A2-B6CA-61191F516645}.Debug|Any CPU.Build.0 = Debug|Any CPU
		{72FC8097-134C-45A2-B6CA-61191F516645}.Release|Any CPU.ActiveCfg = Release|Any CPU
		{72FC8097-134C-45A2-B6CA-61191F516645}.Release|Any CPU.Build.0 = Release|Any CPU
		{00F9BDF7-C1DC-4559-BC66-B7E05B721631}.Debug|Any CPU.ActiveCfg = Debug|Any CPU
		{00F9BDF7-C1DC-4559-BC66-B7E05B721631}.Debug|Any CPU.Build.0 = Debug|Any CPU
		{00F9BDF7-C1DC-4559-BC66-B7E05B721631}.Release|Any CPU.ActiveCfg = Release|Any CPU
		{00F9BDF7-C1DC-4559-BC66-B7E05B721631}.Release|Any CPU.Build.0 = Release|Any CPU
		{18EBF98E-8AF7-4FF3-AC67-1FBD0E95EA65}.Debug|Any CPU.ActiveCfg = Debug|Any CPU
		{18EBF98E-8AF7-4FF3-AC67-1FBD0E95EA65}.Debug|Any CPU.Build.0 = Debug|Any CPU
		{18EBF98E-8AF7-4FF3-AC67-1FBD0E95EA65}.Release|Any CPU.ActiveCfg = Release|Any CPU
		{18EBF98E-8AF7-4FF3-AC67-1FBD0E95EA65}.Release|Any CPU.Build.0 = Release|Any CPU
		{EB578CC4-B7F6-45D5-B9EF-EB0DB3D1746F}.Debug|Any CPU.ActiveCfg = Debug|Any CPU
		{EB578CC4-B7F6-45D5-B9EF-EB0DB3D1746F}.Debug|Any CPU.Build.0 = Debug|Any CPU
		{EB578CC4-B7F6-45D5-B9EF-EB0DB3D1746F}.Release|Any CPU.ActiveCfg = Release|Any CPU
		{EB578CC4-B7F6-45D5-B9EF-EB0DB3D1746F}.Release|Any CPU.Build.0 = Release|Any CPU
		{B755A521-54D3-4E11-90A9-038A480ACBFB}.Debug|Any CPU.ActiveCfg = Debug|Any CPU
		{B755A521-54D3-4E11-90A9-038A480ACBFB}.Debug|Any CPU.Build.0 = Debug|Any CPU
		{B755A521-54D3-4E11-90A9-038A480ACBFB}.Release|Any CPU.ActiveCfg = Release|Any CPU
		{B755A521-54D3-4E11-90A9-038A480ACBFB}.Release|Any CPU.Build.0 = Release|Any CPU
		{8C068CED-74E1-4F7E-B04A-63758984802A}.Debug|Any CPU.ActiveCfg = Debug|Any CPU
		{8C068CED-74E1-4F7E-B04A-63758984802A}.Debug|Any CPU.Build.0 = Debug|Any CPU
		{8C068CED-74E1-4F7E-B04A-63758984802A}.Release|Any CPU.ActiveCfg = Release|Any CPU
		{8C068CED-74E1-4F7E-B04A-63758984802A}.Release|Any CPU.Build.0 = Release|Any CPU
		{9CF17126-F601-47EB-8FB6-39A672E93FB3}.Debug|Any CPU.ActiveCfg = Debug|Any CPU
		{9CF17126-F601-47EB-8FB6-39A672E93FB3}.Debug|Any CPU.Build.0 = Debug|Any CPU
		{9CF17126-F601-47EB-8FB6-39A672E93FB3}.Release|Any CPU.ActiveCfg = Release|Any CPU
		{9CF17126-F601-47EB-8FB6-39A672E93FB3}.Release|Any CPU.Build.0 = Release|Any CPU
		{3AC6958B-F9D4-48F9-9C90-9627346819FF}.Debug|Any CPU.ActiveCfg = Debug|Any CPU
		{3AC6958B-F9D4-48F9-9C90-9627346819FF}.Debug|Any CPU.Build.0 = Debug|Any CPU
		{3AC6958B-F9D4-48F9-9C90-9627346819FF}.Release|Any CPU.ActiveCfg = Release|Any CPU
		{3AC6958B-F9D4-48F9-9C90-9627346819FF}.Release|Any CPU.Build.0 = Release|Any CPU
		{91D90711-DD90-407B-93B6-591521154944}.Debug|Any CPU.ActiveCfg = Debug|Any CPU
		{91D90711-DD90-407B-93B6-591521154944}.Debug|Any CPU.Build.0 = Debug|Any CPU
		{91D90711-DD90-407B-93B6-591521154944}.Release|Any CPU.ActiveCfg = Release|Any CPU
		{91D90711-DD90-407B-93B6-591521154944}.Release|Any CPU.Build.0 = Release|Any CPU
		{6DB05D2C-5CD2-449F-A57F-099319989177}.Debug|Any CPU.ActiveCfg = Debug|Any CPU
		{6DB05D2C-5CD2-449F-A57F-099319989177}.Debug|Any CPU.Build.0 = Debug|Any CPU
		{6DB05D2C-5CD2-449F-A57F-099319989177}.Release|Any CPU.ActiveCfg = Release|Any CPU
		{6DB05D2C-5CD2-449F-A57F-099319989177}.Release|Any CPU.Build.0 = Release|Any CPU
		{6333FBB0-606C-43C5-9AAC-39A4E44D2A7C}.Debug|Any CPU.ActiveCfg = Debug|Any CPU
		{6333FBB0-606C-43C5-9AAC-39A4E44D2A7C}.Debug|Any CPU.Build.0 = Debug|Any CPU
		{6333FBB0-606C-43C5-9AAC-39A4E44D2A7C}.Release|Any CPU.ActiveCfg = Release|Any CPU
		{6333FBB0-606C-43C5-9AAC-39A4E44D2A7C}.Release|Any CPU.Build.0 = Release|Any CPU
		{42D02767-692A-4996-A15E-610057AED2CA}.Debug|Any CPU.ActiveCfg = Debug|Any CPU
		{42D02767-692A-4996-A15E-610057AED2CA}.Debug|Any CPU.Build.0 = Debug|Any CPU
		{42D02767-692A-4996-A15E-610057AED2CA}.Release|Any CPU.ActiveCfg = Release|Any CPU
		{42D02767-692A-4996-A15E-610057AED2CA}.Release|Any CPU.Build.0 = Release|Any CPU
		{D5176168-85B8-4064-849C-AA5DEF580D8A}.Debug|Any CPU.ActiveCfg = Debug|Any CPU
		{D5176168-85B8-4064-849C-AA5DEF580D8A}.Debug|Any CPU.Build.0 = Debug|Any CPU
		{D5176168-85B8-4064-849C-AA5DEF580D8A}.Release|Any CPU.ActiveCfg = Release|Any CPU
		{D5176168-85B8-4064-849C-AA5DEF580D8A}.Release|Any CPU.Build.0 = Release|Any CPU
		{667EA084-46BC-4542-811F-DFC947BFA970}.Debug|Any CPU.ActiveCfg = Debug|Any CPU
		{667EA084-46BC-4542-811F-DFC947BFA970}.Debug|Any CPU.Build.0 = Debug|Any CPU
		{667EA084-46BC-4542-811F-DFC947BFA970}.Release|Any CPU.ActiveCfg = Release|Any CPU
		{667EA084-46BC-4542-811F-DFC947BFA970}.Release|Any CPU.Build.0 = Release|Any CPU
		{DD753834-D3D7-43B2-B35E-AACE760CAE8A}.Debug|Any CPU.ActiveCfg = Debug|Any CPU
		{DD753834-D3D7-43B2-B35E-AACE760CAE8A}.Debug|Any CPU.Build.0 = Debug|Any CPU
		{DD753834-D3D7-43B2-B35E-AACE760CAE8A}.Release|Any CPU.ActiveCfg = Release|Any CPU
		{DD753834-D3D7-43B2-B35E-AACE760CAE8A}.Release|Any CPU.Build.0 = Release|Any CPU
		{40CA3605-9FC8-4E26-90AF-0CCD1FFC0FA2}.Debug|Any CPU.ActiveCfg = Debug|Any CPU
		{40CA3605-9FC8-4E26-90AF-0CCD1FFC0FA2}.Debug|Any CPU.Build.0 = Debug|Any CPU
		{40CA3605-9FC8-4E26-90AF-0CCD1FFC0FA2}.Release|Any CPU.ActiveCfg = Release|Any CPU
		{40CA3605-9FC8-4E26-90AF-0CCD1FFC0FA2}.Release|Any CPU.Build.0 = Release|Any CPU
		{24B1B5BC-BCBB-4401-9A84-AADAD6A4CC47}.Debug|Any CPU.ActiveCfg = Debug|Any CPU
		{24B1B5BC-BCBB-4401-9A84-AADAD6A4CC47}.Debug|Any CPU.Build.0 = Debug|Any CPU
		{24B1B5BC-BCBB-4401-9A84-AADAD6A4CC47}.Release|Any CPU.ActiveCfg = Release|Any CPU
		{24B1B5BC-BCBB-4401-9A84-AADAD6A4CC47}.Release|Any CPU.Build.0 = Release|Any CPU
		{BDC9722F-CB03-4121-901A-FBBDEE321785}.Debug|Any CPU.ActiveCfg = Debug|Any CPU
		{BDC9722F-CB03-4121-901A-FBBDEE321785}.Debug|Any CPU.Build.0 = Debug|Any CPU
		{BDC9722F-CB03-4121-901A-FBBDEE321785}.Release|Any CPU.ActiveCfg = Release|Any CPU
		{BDC9722F-CB03-4121-901A-FBBDEE321785}.Release|Any CPU.Build.0 = Release|Any CPU
	EndGlobalSection
	GlobalSection(SolutionProperties) = preSolution
		HideSolutionNode = FALSE
	EndGlobalSection
	GlobalSection(NestedProjects) = preSolution
		{29820EDF-32C6-46E4-A567-3F91DD593750} = {0DF98FA5-B720-4599-B951-05A4D75FD3FC}
		{DFCF320C-9B93-40A5-9E5F-4061204C4F41} = {0DF98FA5-B720-4599-B951-05A4D75FD3FC}
		{4A068BB5-8725-4387-991D-31D7134F3CDE} = {0DF98FA5-B720-4599-B951-05A4D75FD3FC}
		{A54EE46C-B473-433E-A857-CE1810C70872} = {E7F6EBB4-14E0-4D38-B9D4-4900227C1439}
		{D2E3E04E-22D7-4648-8D78-5FC77488DDE1} = {E7F6EBB4-14E0-4D38-B9D4-4900227C1439}
		{49AFDDBA-4349-462C-97D2-ADCEFF693A2F} = {E7F6EBB4-14E0-4D38-B9D4-4900227C1439}
		{72FC8097-134C-45A2-B6CA-61191F516645} = {FF2159FC-E5B3-43D4-B37E-4F582B6F1EDC}
		{00F9BDF7-C1DC-4559-BC66-B7E05B721631} = {FF2159FC-E5B3-43D4-B37E-4F582B6F1EDC}
		{18EBF98E-8AF7-4FF3-AC67-1FBD0E95EA65} = {FF2159FC-E5B3-43D4-B37E-4F582B6F1EDC}
		{EB578CC4-B7F6-45D5-B9EF-EB0DB3D1746F} = {A36C5B84-A1C0-4360-BEA1-E08DDEC9FEEF}
		{B755A521-54D3-4E11-90A9-038A480ACBFB} = {A36C5B84-A1C0-4360-BEA1-E08DDEC9FEEF}
		{8C068CED-74E1-4F7E-B04A-63758984802A} = {A36C5B84-A1C0-4360-BEA1-E08DDEC9FEEF}
		{9CF17126-F601-47EB-8FB6-39A672E93FB3} = {1D2B5B3A-291A-43FC-9312-674A057685C4}
		{3AC6958B-F9D4-48F9-9C90-9627346819FF} = {1D2B5B3A-291A-43FC-9312-674A057685C4}
		{91D90711-DD90-407B-93B6-591521154944} = {1D2B5B3A-291A-43FC-9312-674A057685C4}
		{6DB05D2C-5CD2-449F-A57F-099319989177} = {ECD37077-DA6E-4DA9-BB9F-7DD8F14894F0}
		{6333FBB0-606C-43C5-9AAC-39A4E44D2A7C} = {ECD37077-DA6E-4DA9-BB9F-7DD8F14894F0}
		{42D02767-692A-4996-A15E-610057AED2CA} = {ECD37077-DA6E-4DA9-BB9F-7DD8F14894F0}
		{D5176168-85B8-4064-849C-AA5DEF580D8A} = {04FFFDE6-33D4-42EF-8129-14752C2FB889}
		{667EA084-46BC-4542-811F-DFC947BFA970} = {04FFFDE6-33D4-42EF-8129-14752C2FB889}
		{DD753834-D3D7-43B2-B35E-AACE760CAE8A} = {04FFFDE6-33D4-42EF-8129-14752C2FB889}
		{40CA3605-9FC8-4E26-90AF-0CCD1FFC0FA2} = {F998ED29-7916-4AC0-8A3B-AB36C65EE6BA}
		{24B1B5BC-BCBB-4401-9A84-AADAD6A4CC47} = {F998ED29-7916-4AC0-8A3B-AB36C65EE6BA}
		{BDC9722F-CB03-4121-901A-FBBDEE321785} = {F998ED29-7916-4AC0-8A3B-AB36C65EE6BA}
	EndGlobalSection
	GlobalSection(ExtensibilityGlobals) = postSolution
		SolutionGuid = {2AC6FCF2-DF09-4402-9B66-47C6CF2F2C87}
	EndGlobalSection
EndGlobal
